
Microsoft Visual Studio Solution File, Format Version 12.00
# Visual Studio 15
VisualStudioVersion = 15.0.27428.2043
MinimumVisualStudioVersion = 10.0.40219.1
Project("{FAE04EC0-301F-11D3-BF4B-00C04F79EFBC}") = "Dummy", "Dummy\Dummy.csproj", "{EAC75329-E1FE-44D3-A3BA-AE06E962330D}"
EndProject
Global
	GlobalSection(SolutionConfigurationPlatforms) = preSolution
		Debug|Any CPU = Debug|Any CPU
		Release|Any CPU = Release|Any CPU
	EndGlobalSection
	GlobalSection(ProjectConfigurationPlatforms) = postSolution
		{EAC75329-E1FE-44D3-A3BA-AE06E962330D}.Debug|Any CPU.ActiveCfg = Debug|Any CPU
		{EAC75329-E1FE-44D3-A3BA-AE06E962330D}.Debug|Any CPU.Build.0 = Debug|Any CPU
		{EAC75329-E1FE-44D3-A3BA-AE06E962330D}.Release|Any CPU.ActiveCfg = Release|Any CPU
		{EAC75329-E1FE-44D3-A3BA-AE06E962330D}.Release|Any CPU.Build.0 = Release|Any CPU
	EndGlobalSection
	GlobalSection(SolutionProperties) = preSolution
		HideSolutionNode = FALSE
	EndGlobalSection
	GlobalSection(ExtensibilityGlobals) = postSolution
		SolutionGuid = {B50E9E4F-6121-4BFE-9ACD-ED1ED00D0F0A}
	EndGlobalSection
EndGlobal
